// !$*UTF8*$!
{
	archiveVersion = 1;
	classes = {
	};
	objectVersion = 46;
	objects = {

/* Begin PBXBuildFile section */
		F45667661E30706200732CDC /* main.m in Sources */ = {isa = PBXBuildFile; fileRef = F45667651E30706200732CDC /* main.m */; };
		F45667691E30706200732CDC /* AppDelegate.m in Sources */ = {isa = PBXBuildFile; fileRef = F45667681E30706200732CDC /* AppDelegate.m */; };
		F456676F1E30706200732CDC /* Main.storyboard in Resources */ = {isa = PBXBuildFile; fileRef = F456676D1E30706200732CDC /* Main.storyboard */; };
		F45667711E30706200732CDC /* Assets.xcassets in Resources */ = {isa = PBXBuildFile; fileRef = F45667701E30706200732CDC /* Assets.xcassets */; };
		F45667741E30706200732CDC /* LaunchScreen.storyboard in Resources */ = {isa = PBXBuildFile; fileRef = F45667721E30706200732CDC /* LaunchScreen.storyboard */; };
		F456678E1E30709900732CDC /* SMPopView.m in Sources */ = {isa = PBXBuildFile; fileRef = F45667881E30709900732CDC /* SMPopView.m */; };
		F45667901E30709900732CDC /* UIView+SMPopViewExtension.m in Sources */ = {isa = PBXBuildFile; fileRef = F456678D1E30709900732CDC /* UIView+SMPopViewExtension.m */; };
		F45667931E309E9800732CDC /* SMExampleController.m in Sources */ = {isa = PBXBuildFile; fileRef = F45667921E309E9800732CDC /* SMExampleController.m */; };
		F45667961E31B34200732CDC /* UIButton+SMPopViewExtension.m in Sources */ = {isa = PBXBuildFile; fileRef = F45667951E31B34200732CDC /* UIButton+SMPopViewExtension.m */; };
		F45667991E31B61A00732CDC /* UIView+SMPopViewRect.m in Sources */ = {isa = PBXBuildFile; fileRef = F45667981E31B61A00732CDC /* UIView+SMPopViewRect.m */; };
/* End PBXBuildFile section */

/* Begin PBXFileReference section */
		F45667611E30706200732CDC /* SMPopViewExample.app */ = {isa = PBXFileReference; explicitFileType = wrapper.application; includeInIndex = 0; path = SMPopViewExample.app; sourceTree = BUILT_PRODUCTS_DIR; };
		F45667651E30706200732CDC /* main.m */ = {isa = PBXFileReference; lastKnownFileType = sourcecode.c.objc; path = main.m; sourceTree = "<group>"; };
		F45667671E30706200732CDC /* AppDelegate.h */ = {isa = PBXFileReference; lastKnownFileType = sourcecode.c.h; path = AppDelegate.h; sourceTree = "<group>"; };
		F45667681E30706200732CDC /* AppDelegate.m */ = {isa = PBXFileReference; lastKnownFileType = sourcecode.c.objc; path = AppDelegate.m; sourceTree = "<group>"; };
		F456676E1E30706200732CDC /* Base */ = {isa = PBXFileReference; lastKnownFileType = file.storyboard; name = Base; path = Base.lproj/Main.storyboard; sourceTree = "<group>"; };
		F45667701E30706200732CDC /* Assets.xcassets */ = {isa = PBXFileReference; lastKnownFileType = folder.assetcatalog; path = Assets.xcassets; sourceTree = "<group>"; };
		F45667731E30706200732CDC /* Base */ = {isa = PBXFileReference; lastKnownFileType = file.storyboard; name = Base; path = Base.lproj/LaunchScreen.storyboard; sourceTree = "<group>"; };
		F45667751E30706200732CDC /* Info.plist */ = {isa = PBXFileReference; lastKnownFileType = text.plist.xml; path = Info.plist; sourceTree = "<group>"; };
		F45667871E30709900732CDC /* SMPopView.h */ = {isa = PBXFileReference; fileEncoding = 4; lastKnownFileType = sourcecode.c.h; path = SMPopView.h; sourceTree = "<group>"; };
		F45667881E30709900732CDC /* SMPopView.m */ = {isa = PBXFileReference; fileEncoding = 4; lastKnownFileType = sourcecode.c.objc; path = SMPopView.m; sourceTree = "<group>"; };
		F45667891E30709900732CDC /* SMPopViewConst.h */ = {isa = PBXFileReference; fileEncoding = 4; lastKnownFileType = sourcecode.c.h; path = SMPopViewConst.h; sourceTree = "<group>"; };
		F456678C1E30709900732CDC /* UIView+SMPopViewExtension.h */ = {isa = PBXFileReference; fileEncoding = 4; lastKnownFileType = sourcecode.c.h; path = "UIView+SMPopViewExtension.h"; sourceTree = "<group>"; };
		F456678D1E30709900732CDC /* UIView+SMPopViewExtension.m */ = {isa = PBXFileReference; fileEncoding = 4; lastKnownFileType = sourcecode.c.objc; path = "UIView+SMPopViewExtension.m"; sourceTree = "<group>"; };
		F45667911E309E9800732CDC /* SMExampleController.h */ = {isa = PBXFileReference; fileEncoding = 4; lastKnownFileType = sourcecode.c.h; path = SMExampleController.h; sourceTree = "<group>"; };
		F45667921E309E9800732CDC /* SMExampleController.m */ = {isa = PBXFileReference; fileEncoding = 4; lastKnownFileType = sourcecode.c.objc; path = SMExampleController.m; sourceTree = "<group>"; };
		F45667941E31B34200732CDC /* UIButton+SMPopViewExtension.h */ = {isa = PBXFileReference; fileEncoding = 4; lastKnownFileType = sourcecode.c.h; path = "UIButton+SMPopViewExtension.h"; sourceTree = "<group>"; };
		F45667951E31B34200732CDC /* UIButton+SMPopViewExtension.m */ = {isa = PBXFileReference; fileEncoding = 4; lastKnownFileType = sourcecode.c.objc; path = "UIButton+SMPopViewExtension.m"; sourceTree = "<group>"; };
		F45667971E31B61A00732CDC /* UIView+SMPopViewRect.h */ = {isa = PBXFileReference; fileEncoding = 4; lastKnownFileType = sourcecode.c.h; path = "UIView+SMPopViewRect.h"; sourceTree = "<group>"; };
		F45667981E31B61A00732CDC /* UIView+SMPopViewRect.m */ = {isa = PBXFileReference; fileEncoding = 4; lastKnownFileType = sourcecode.c.objc; path = "UIView+SMPopViewRect.m"; sourceTree = "<group>"; };
/* End PBXFileReference section */

/* Begin PBXFrameworksBuildPhase section */
		F456675E1E30706200732CDC /* Frameworks */ = {
			isa = PBXFrameworksBuildPhase;
			buildActionMask = 2147483647;
			files = (
			);
			runOnlyForDeploymentPostprocessing = 0;
		};
/* End PBXFrameworksBuildPhase section */

/* Begin PBXGroup section */
		F45667581E30706200732CDC = {
			isa = PBXGroup;
			children = (
				F45667631E30706200732CDC /* SMPopViewExample */,
				F45667621E30706200732CDC /* Products */,
			);
			sourceTree = "<group>";
		};
		F45667621E30706200732CDC /* Products */ = {
			isa = PBXGroup;
			children = (
				F45667611E30706200732CDC /* SMPopViewExample.app */,
			);
			name = Products;
			sourceTree = "<group>";
		};
		F45667631E30706200732CDC /* SMPopViewExample */ = {
			isa = PBXGroup;
			children = (
				F45667861E30709900732CDC /* SMPopView */,
				F45667671E30706200732CDC /* AppDelegate.h */,
				F45667681E30706200732CDC /* AppDelegate.m */,
				F45667911E309E9800732CDC /* SMExampleController.h */,
				F45667921E309E9800732CDC /* SMExampleController.m */,
				F456676D1E30706200732CDC /* Main.storyboard */,
				F45667701E30706200732CDC /* Assets.xcassets */,
				F45667721E30706200732CDC /* LaunchScreen.storyboard */,
				F45667751E30706200732CDC /* Info.plist */,
				F45667641E30706200732CDC /* Supporting Files */,
			);
			path = SMPopViewExample;
			sourceTree = "<group>";
		};
		F45667641E30706200732CDC /* Supporting Files */ = {
			isa = PBXGroup;
			children = (
				F45667651E30706200732CDC /* main.m */,
			);
			name = "Supporting Files";
			sourceTree = "<group>";
		};
		F45667861E30709900732CDC /* SMPopView */ = {
			isa = PBXGroup;
			children = (
				F45667871E30709900732CDC /* SMPopView.h */,
				F45667881E30709900732CDC /* SMPopView.m */,
				F45667891E30709900732CDC /* SMPopViewConst.h */,
				F45667971E31B61A00732CDC /* UIView+SMPopViewRect.h */,
				F45667981E31B61A00732CDC /* UIView+SMPopViewRect.m */,
				F456678C1E30709900732CDC /* UIView+SMPopViewExtension.h */,
				F456678D1E30709900732CDC /* UIView+SMPopViewExtension.m */,
				F45667941E31B34200732CDC /* UIButton+SMPopViewExtension.h */,
				F45667951E31B34200732CDC /* UIButton+SMPopViewExtension.m */,
			);
			name = SMPopView;
			path = ../../SMPopView;
			sourceTree = "<group>";
		};
/* End PBXGroup section */

/* Begin PBXNativeTarget section */
		F45667601E30706200732CDC /* SMPopViewExample */ = {
			isa = PBXNativeTarget;
			buildConfigurationList = F45667781E30706200732CDC /* Build configuration list for PBXNativeTarget "SMPopViewExample" */;
			buildPhases = (
				F456675D1E30706200732CDC /* Sources */,
				F456675E1E30706200732CDC /* Frameworks */,
				F456675F1E30706200732CDC /* Resources */,
			);
			buildRules = (
			);
			dependencies = (
			);
			name = SMPopViewExample;
			productName = SMPopViewExample;
			productReference = F45667611E30706200732CDC /* SMPopViewExample.app */;
			productType = "com.apple.product-type.application";
		};
/* End PBXNativeTarget section */

/* Begin PBXProject section */
		F45667591E30706200732CDC /* Project object */ = {
			isa = PBXProject;
			attributes = {
				LastUpgradeCheck = 0820;
				ORGANIZATIONNAME = SM;
				TargetAttributes = {
					F45667601E30706200732CDC = {
						CreatedOnToolsVersion = 8.2.1;
						DevelopmentTeam = 2539AJ995Q;
						ProvisioningStyle = Automatic;
					};
				};
			};
			buildConfigurationList = F456675C1E30706200732CDC /* Build configuration list for PBXProject "SMPopViewExample" */;
			compatibilityVersion = "Xcode 3.2";
			developmentRegion = English;
			hasScannedForEncodings = 0;
			knownRegions = (
				en,
				Base,
			);
			mainGroup = F45667581E30706200732CDC;
			productRefGroup = F45667621E30706200732CDC /* Products */;
			projectDirPath = "";
			projectRoot = "";
			targets = (
				F45667601E30706200732CDC /* SMPopViewExample */,
			);
		};
/* End PBXProject section */

/* Begin PBXResourcesBuildPhase section */
		F456675F1E30706200732CDC /* Resources */ = {
			isa = PBXResourcesBuildPhase;
			buildActionMask = 2147483647;
			files = (
				F45667741E30706200732CDC /* LaunchScreen.storyboard in Resources */,
				F45667711E30706200732CDC /* Assets.xcassets in Resources */,
				F456676F1E30706200732CDC /* Main.storyboard in Resources */,
			);
			runOnlyForDeploymentPostprocessing = 0;
		};
/* End PBXResourcesBuildPhase section */

/* Begin PBXSourcesBuildPhase section */
		F456675D1E30706200732CDC /* Sources */ = {
			isa = PBXSourcesBuildPhase;
			buildActionMask = 2147483647;
			files = (
				F456678E1E30709900732CDC /* SMPopView.m in Sources */,
				F45667691E30706200732CDC /* AppDelegate.m in Sources */,
				F45667661E30706200732CDC /* main.m in Sources */,
				F45667901E30709900732CDC /* UIView+SMPopViewExtension.m in Sources */,
				F45667991E31B61A00732CDC /* UIView+SMPopViewRect.m in Sources */,
				F45667961E31B34200732CDC /* UIButton+SMPopViewExtension.m in Sources */,
				F45667931E309E9800732CDC /* SMExampleController.m in Sources */,
			);
			runOnlyForDeploymentPostprocessing = 0;
		};
/* End PBXSourcesBuildPhase section */

/* Begin PBXVariantGroup section */
		F456676D1E30706200732CDC /* Main.storyboard */ = {
			isa = PBXVariantGroup;
			children = (
				F456676E1E30706200732CDC /* Base */,
			);
			name = Main.storyboard;
			sourceTree = "<group>";
		};
		F45667721E30706200732CDC /* LaunchScreen.storyboard */ = {
			isa = PBXVariantGroup;
			children = (
				F45667731E30706200732CDC /* Base */,
			);
			name = LaunchScreen.storyboard;
			sourceTree = "<group>";
		};
/* End PBXVariantGroup section */

/* Begin XCBuildConfiguration section */
		F45667761E30706200732CDC /* Debug */ = {
			isa = XCBuildConfiguration;
			buildSettings = {
				ALWAYS_SEARCH_USER_PATHS = NO;
				CLANG_ANALYZER_NONNULL = YES;
				CLANG_CXX_LANGUAGE_STANDARD = "gnu++0x";
				CLANG_CXX_LIBRARY = "libc++";
				CLANG_ENABLE_MODULES = YES;
				CLANG_ENABLE_OBJC_ARC = YES;
				CLANG_WARN_BOOL_CONVERSION = YES;
				CLANG_WARN_CONSTANT_CONVERSION = YES;
				CLANG_WARN_DIRECT_OBJC_ISA_USAGE = YES_ERROR;
				CLANG_WARN_DOCUMENTATION_COMMENTS = YES;
				CLANG_WARN_EMPTY_BODY = YES;
				CLANG_WARN_ENUM_CONVERSION = YES;
				CLANG_WARN_INFINITE_RECURSION = YES;
				CLANG_WARN_INT_CONVERSION = YES;
				CLANG_WARN_OBJC_ROOT_CLASS = YES_ERROR;
				CLANG_WARN_SUSPICIOUS_MOVE = YES;
				CLANG_WARN_UNREACHABLE_CODE = YES;
				CLANG_WARN__DUPLICATE_METHOD_MATCH = YES;
				"CODE_SIGN_IDENTITY[sdk=iphoneos*]" = "iPhone Developer";
				COPY_PHASE_STRIP = NO;
				DEBUG_INFORMATION_FORMAT = dwarf;
				ENABLE_STRICT_OBJC_MSGSEND = YES;
				ENABLE_TESTABILITY = YES;
				GCC_C_LANGUAGE_STANDARD = gnu99;
				GCC_DYNAMIC_NO_PIC = NO;
				GCC_NO_COMMON_BLOCKS = YES;
				GCC_OPTIMIZATION_LEVEL = 0;
				GCC_PREPROCESSOR_DEFINITIONS = (
					"DEBUG=1",
					"$(inherited)",
				);
				GCC_WARN_64_TO_32_BIT_CONVERSION = YES;
				GCC_WARN_ABOUT_RETURN_TYPE = YES_ERROR;
				GCC_WARN_UNDECLARED_SELECTOR = YES;
				GCC_WARN_UNINITIALIZED_AUTOS = YES_AGGRESSIVE;
				GCC_WARN_UNUSED_FUNCTION = YES;
				GCC_WARN_UNUSED_VARIABLE = YES;
				IPHONEOS_DEPLOYMENT_TARGET = 10.2;
				MTL_ENABLE_DEBUG_INFO = YES;
				ONLY_ACTIVE_ARCH = YES;
				SDKROOT = iphoneos;
				TARGETED_DEVICE_FAMILY = "1,2";
			};
			name = Debug;
		};
		F45667771E30706200732CDC /* Release */ = {
			isa = XCBuildConfiguration;
			buildSettings = {
				ALWAYS_SEARCH_USER_PATHS = NO;
				CLANG_ANALYZER_NONNULL = YES;
				CLANG_CXX_LANGUAGE_STANDARD = "gnu++0x";
				CLANG_CXX_LIBRARY = "libc++";
				CLANG_ENABLE_MODULES = YES;
				CLANG_ENABLE_OBJC_ARC = YES;
				CLANG_WARN_BOOL_CONVERSION = YES;
				CLANG_WARN_CONSTANT_CONVERSION = YES;
				CLANG_WARN_DIRECT_OBJC_ISA_USAGE = YES_ERROR;
				CLANG_WARN_DOCUMENTATION_COMMENTS = YES;
				CLANG_WARN_EMPTY_BODY = YES;
				CLANG_WARN_ENUM_CONVERSION = YES;
				CLANG_WARN_INFINITE_RECURSION = YES;
				CLANG_WARN_INT_CONVERSION = YES;
				CLANG_WARN_OBJC_ROOT_CLASS = YES_ERROR;
				CLANG_WARN_SUSPICIOUS_MOVE = YES;
				CLANG_WARN_UNREACHABLE_CODE = YES;
				CLANG_WARN__DUPLICATE_METHOD_MATCH = YES;
				"CODE_SIGN_IDENTITY[sdk=iphoneos*]" = "iPhone Developer";
				COPY_PHASE_STRIP = NO;
				DEBUG_INFORMATION_FORMAT = "dwarf-with-dsym";
				ENABLE_NS_ASSERTIONS = NO;
				ENABLE_STRICT_OBJC_MSGSEND = YES;
				GCC_C_LANGUAGE_STANDARD = gnu99;
				GCC_NO_COMMON_BLOCKS = YES;
				GCC_WARN_64_TO_32_BIT_CONVERSION = YES;
				GCC_WARN_ABOUT_RETURN_TYPE = YES_ERROR;
				GCC_WARN_UNDECLARED_SELECTOR = YES;
				GCC_WARN_UNINITIALIZED_AUTOS = YES_AGGRESSIVE;
				GCC_WARN_UNUSED_FUNCTION = YES;
				GCC_WARN_UNUSED_VARIABLE = YES;
				IPHONEOS_DEPLOYMENT_TARGET = 10.2;
				MTL_ENABLE_DEBUG_INFO = NO;
				SDKROOT = iphoneos;
				TARGETED_DEVICE_FAMILY = "1,2";
				VALIDATE_PRODUCT = YES;
			};
			name = Release;
		};
		F45667791E30706200732CDC /* Debug */ = {
			isa = XCBuildConfiguration;
			buildSettings = {
				ASSETCATALOG_COMPILER_APPICON_NAME = AppIcon;
				DEVELOPMENT_TEAM = 2539AJ995Q;
				INFOPLIST_FILE = SMPopViewExample/Info.plist;
				IPHONEOS_DEPLOYMENT_TARGET = 8.0;
				LD_RUNPATH_SEARCH_PATHS = "$(inherited) @executable_path/Frameworks";
				PRODUCT_BUNDLE_IDENTIFIER = com.Sim.SMPopViewExample;
				PRODUCT_NAME = "$(TARGET_NAME)";
			};
			name = Debug;
		};
		F456677A1E30706200732CDC /* Release */ = {
			isa = XCBuildConfiguration;
			buildSettings = {
				ASSETCATALOG_COMPILER_APPICON_NAME = AppIcon;
				DEVELOPMENT_TEAM = 2539AJ995Q;
				INFOPLIST_FILE = SMPopViewExample/Info.plist;
				IPHONEOS_DEPLOYMENT_TARGET = 8.0;
				LD_RUNPATH_SEARCH_PATHS = "$(inherited) @executable_path/Frameworks";
				PRODUCT_BUNDLE_IDENTIFIER = com.Sim.SMPopViewExample;
				PRODUCT_NAME = "$(TARGET_NAME)";
			};
			name = Release;
		};
/* End XCBuildConfiguration section */

/* Begin XCConfigurationList section */
		F456675C1E30706200732CDC /* Build configuration list for PBXProject "SMPopViewExample" */ = {
			isa = XCConfigurationList;
			buildConfigurations = (
				F45667761E30706200732CDC /* Debug */,
				F45667771E30706200732CDC /* Release */,
			);
			defaultConfigurationIsVisible = 0;
			defaultConfigurationName = Release;
		};
		F45667781E30706200732CDC /* Build configuration list for PBXNativeTarget "SMPopViewExample" */ = {
			isa = XCConfigurationList;
			buildConfigurations = (
				F45667791E30706200732CDC /* Debug */,
				F456677A1E30706200732CDC /* Release */,
			);
			defaultConfigurationIsVisible = 0;
			defaultConfigurationName = Release;
		};
/* End XCConfigurationList section */
	};
	rootObject = F45667591E30706200732CDC /* Project object */;
}
